
Microsoft Visual Studio Solution File, Format Version 12.00
# Visual Studio 15
VisualStudioVersion = 15.0.26430.14
MinimumVisualStudioVersion = 10.0.40219.1
Project("{2150E333-8FDC-42A3-9474-1A3956D46DE8}") = "Library", "Library", "{2E052995-62F2-44FD-BD11-D481FB2C687C}"
	ProjectSection(SolutionItems) = preProject
		Library\nunit.framework.dll = Library\nunit.framework.dll
		Library\Rhino.Mocks.dll = Library\Rhino.Mocks.dll
	EndProjectSection
EndProject
Project("{FAE04EC0-301F-11D3-BF4B-00C04F79EFBC}") = "Intuit.QuickBase.Client", "Intuit.QuickBase.Client\Intuit.QuickBase.Client.csproj", "{F25380B0-B55A-4567-941E-B938723F6E07}"
EndProject
Project("{FAE04EC0-301F-11D3-BF4B-00C04F79EFBC}") = "Intuit.QuickBase.Core", "Intuit.QuickBase.Core\Intuit.QuickBase.Core.csproj", "{72AE7ED2-1321-499E-8E0E-ECFD91B8C850}"
EndProject
Project("{FAE04EC0-301F-11D3-BF4B-00C04F79EFBC}") = "QBFunctionTest", "QBFunctionTest\QBFunctionTest.csproj", "{0ECE8A75-198C-4DBA-83D8-E12CE882E6BC}"
EndProject
Project("{FAE04EC0-301F-11D3-BF4B-00C04F79EFBC}") = "QB_HeaderMaker", "QB_HeaderMaker\QB_HeaderMaker.csproj", "{D618C27A-C275-4956-B77D-AC399B395EDA}"
EndProject
Global
	GlobalSection(SolutionConfigurationPlatforms) = preSolution
		Debug|Any CPU = Debug|Any CPU
		Release|Any CPU = Release|Any CPU
	EndGlobalSection
	GlobalSection(ProjectConfigurationPlatforms) = postSolution
		{F25380B0-B55A-4567-941E-B938723F6E07}.Debug|Any CPU.ActiveCfg = Debug|Any CPU
		{F25380B0-B55A-4567-941E-B938723F6E07}.Debug|Any CPU.Build.0 = Debug|Any CPU
		{F25380B0-B55A-4567-941E-B938723F6E07}.Release|Any CPU.ActiveCfg = Release|Any CPU
		{F25380B0-B55A-4567-941E-B938723F6E07}.Release|Any CPU.Build.0 = Release|Any CPU
		{72AE7ED2-1321-499E-8E0E-ECFD91B8C850}.Debug|Any CPU.ActiveCfg = Debug|Any CPU
		{72AE7ED2-1321-499E-8E0E-ECFD91B8C850}.Debug|Any CPU.Build.0 = Debug|Any CPU
		{72AE7ED2-1321-499E-8E0E-ECFD91B8C850}.Release|Any CPU.ActiveCfg = Release|Any CPU
		{72AE7ED2-1321-499E-8E0E-ECFD91B8C850}.Release|Any CPU.Build.0 = Release|Any CPU
		{0ECE8A75-198C-4DBA-83D8-E12CE882E6BC}.Debug|Any CPU.ActiveCfg = Debug|Any CPU
		{0ECE8A75-198C-4DBA-83D8-E12CE882E6BC}.Debug|Any CPU.Build.0 = Debug|Any CPU
		{0ECE8A75-198C-4DBA-83D8-E12CE882E6BC}.Release|Any CPU.ActiveCfg = Release|Any CPU
		{0ECE8A75-198C-4DBA-83D8-E12CE882E6BC}.Release|Any CPU.Build.0 = Release|Any CPU
		{D618C27A-C275-4956-B77D-AC399B395EDA}.Debug|Any CPU.ActiveCfg = Debug|Any CPU
		{D618C27A-C275-4956-B77D-AC399B395EDA}.Debug|Any CPU.Build.0 = Debug|Any CPU
		{D618C27A-C275-4956-B77D-AC399B395EDA}.Release|Any CPU.ActiveCfg = Release|Any CPU
		{D618C27A-C275-4956-B77D-AC399B395EDA}.Release|Any CPU.Build.0 = Release|Any CPU
	EndGlobalSection
	GlobalSection(SolutionProperties) = preSolution
		HideSolutionNode = FALSE
	EndGlobalSection
	GlobalSection(SubversionScc) = preSolution
		Svn-Managed = True
		Manager = AnkhSVN - Subversion Support for Visual Studio
	EndGlobalSection
EndGlobal
